<Solution>
  <Folder Name="/Solution Items/">
    <File Path=".gitignore" />
    <File Path="README.md" />
  </Folder>
  <Folder Name="/Spikes/">
    <Project Path="FpsSpike/FpsSpike.csproj" />
    <Project Path="SensorSpike/SensorSpike.csproj" />
  </Folder>
  <Project Path="SysMonitor.App/SysMonitor.App.csproj" />
  <Project Path="SysMonitor.Core/SysMonitor.Core.csproj" />
</Solution>
